{
  "originHash" : "28eb52a76861deb4fd38e0e88a0bbf63d75e8ca57d914ae8b0390d2f03117d45",
  "pins" : [
    {
      "identity" : "menuhub",
      "kind" : "remoteSourceControl",
      "location" : "https://github.com/mstallone/menuhub",
      "state" : {
        "revision" : "35650fce401c6a68917f69d2bba584ae9e03a9af",
        "version" : "0.4.1"
      }
    },
    {
      "identity" : "sparkle",
      "kind" : "remoteSourceControl",
      "location" : "https://github.com/sparkle-project/Sparkle",
      "state" : {
        "revision" : "b6496a74a087257ef5e6da1c5b29a447a60f5bd7",
        "version" : "2.9.4"
      }
    }
  ],
  "version" : 3
}
