{
  "originHash" : "a822c74d90bdc435362517f02e179a721c5923e400bda171f9bcb810be2acb0a",
  "pins" : [
    {
      "identity" : "menuhub",
      "kind" : "remoteSourceControl",
      "location" : "https://github.com/mstallone/menuhub",
      "state" : {
        "revision" : "4350830925635a9d201d0a0ba2d5b2169da6c0ac",
        "version" : "0.2.0"
      }
    },
    {
      "identity" : "sparkle",
      "kind" : "remoteSourceControl",
      "location" : "https://github.com/sparkle-project/Sparkle",
      "state" : {
        "revision" : "b6496a74a087257ef5e6da1c5b29a447a60f5bd7",
        "version" : "2.9.4"
      }
    }
  ],
  "version" : 3
}
